
Microsoft Visual Studio Solution File, Format Version 12.00
Project("{FAE04EC0-301F-11D3-BF4B-00C04F79EFBC}") = "CheckoutKata", "CheckoutKata\CheckoutKata.csproj", "{F20BBE30-97E3-4176-BBE8-D1C0928FA443}"
EndProject
Project("{FAE04EC0-301F-11D3-BF4B-00C04F79EFBC}") = "CheckoutKata.Tests", "CheckoutKata.Tests\CheckoutKata.Tests.csproj", "{9085ACC6-8F43-4530-9E67-330CD50AD3C9}"
EndProject
Global
	GlobalSection(SolutionConfigurationPlatforms) = preSolution
		Debug|Any CPU = Debug|Any CPU
		Release|Any CPU = Release|Any CPU
	EndGlobalSection
	GlobalSection(ProjectConfigurationPlatforms) = postSolution
		{F20BBE30-97E3-4176-BBE8-D1C0928FA443}.Debug|Any CPU.ActiveCfg = Debug|Any CPU
		{F20BBE30-97E3-4176-BBE8-D1C0928FA443}.Debug|Any CPU.Build.0 = Debug|Any CPU
		{F20BBE30-97E3-4176-BBE8-D1C0928FA443}.Release|Any CPU.ActiveCfg = Release|Any CPU
		{F20BBE30-97E3-4176-BBE8-D1C0928FA443}.Release|Any CPU.Build.0 = Release|Any CPU
		{9085ACC6-8F43-4530-9E67-330CD50AD3C9}.Debug|Any CPU.ActiveCfg = Debug|Any CPU
		{9085ACC6-8F43-4530-9E67-330CD50AD3C9}.Debug|Any CPU.Build.0 = Debug|Any CPU
		{9085ACC6-8F43-4530-9E67-330CD50AD3C9}.Release|Any CPU.ActiveCfg = Release|Any CPU
		{9085ACC6-8F43-4530-9E67-330CD50AD3C9}.Release|Any CPU.Build.0 = Release|Any CPU
	EndGlobalSection
EndGlobal
